
Microsoft Visual Studio Solution File, Format Version 12.00
# Visual Studio Version 17
VisualStudioVersion = 17.12.35728.132 d17.12
MinimumVisualStudioVersion = 10.0.40219.1
Project("{FAE04EC0-301F-11D3-BF4B-00C04F79EFBC}") = "Deepotex_V3", "Deepotex_V3\Deepotex_V3.csproj", "{383B4A7B-4B92-4006-A83D-33FB6A906208}"
EndProject
Project("{FAE04EC0-301F-11D3-BF4B-00C04F79EFBC}") = "Deepotex.Core", "Deepotex.Core\Deepotex.Core.csproj", "{7C41F8A6-5610-44C6-907B-C1B762FFF84D}"
EndProject
Project("{FAE04EC0-301F-11D3-BF4B-00C04F79EFBC}") = "Deepotex.EF", "Deepotex.EF\Deepotex.EF.csproj", "{460822D1-93C5-496F-8D13-5AB75B8AA814}"
EndProject
Global
	GlobalSection(SolutionConfigurationPlatforms) = preSolution
		Debug|Any CPU = Debug|Any CPU
		Release|Any CPU = Release|Any CPU
	EndGlobalSection
	GlobalSection(ProjectConfigurationPlatforms) = postSolution
		{383B4A7B-4B92-4006-A83D-33FB6A906208}.Debug|Any CPU.ActiveCfg = Debug|Any CPU
		{383B4A7B-4B92-4006-A83D-33FB6A906208}.Debug|Any CPU.Build.0 = Debug|Any CPU
		{383B4A7B-4B92-4006-A83D-33FB6A906208}.Release|Any CPU.ActiveCfg = Release|Any CPU
		{383B4A7B-4B92-4006-A83D-33FB6A906208}.Release|Any CPU.Build.0 = Release|Any CPU
		{7C41F8A6-5610-44C6-907B-C1B762FFF84D}.Debug|Any CPU.ActiveCfg = Debug|Any CPU
		{7C41F8A6-5610-44C6-907B-C1B762FFF84D}.Debug|Any CPU.Build.0 = Debug|Any CPU
		{7C41F8A6-5610-44C6-907B-C1B762FFF84D}.Release|Any CPU.ActiveCfg = Release|Any CPU
		{7C41F8A6-5610-44C6-907B-C1B762FFF84D}.Release|Any CPU.Build.0 = Release|Any CPU
		{460822D1-93C5-496F-8D13-5AB75B8AA814}.Debug|Any CPU.ActiveCfg = Debug|Any CPU
		{460822D1-93C5-496F-8D13-5AB75B8AA814}.Debug|Any CPU.Build.0 = Debug|Any CPU
		{460822D1-93C5-496F-8D13-5AB75B8AA814}.Release|Any CPU.ActiveCfg = Release|Any CPU
		{460822D1-93C5-496F-8D13-5AB75B8AA814}.Release|Any CPU.Build.0 = Release|Any CPU
	EndGlobalSection
	GlobalSection(SolutionProperties) = preSolution
		HideSolutionNode = FALSE
	EndGlobalSection
EndGlobal
